
Microsoft Visual Studio Solution File, Format Version 12.00
# Visual Studio Version 17
VisualStudioVersion = 17.14.36603.0 d17.14
MinimumVisualStudioVersion = 10.0.40219.1
Project("{FAE04EC0-301F-11D3-BF4B-00C04F79EFBC}") = "WinFormsApp1PONG", "WinFormsApp1PONG\WinFormsApp1PONG.csproj", "{595292E1-9A59-4FE1-897A-44F8E5479665}"
EndProject
Global
	GlobalSection(SolutionConfigurationPlatforms) = preSolution
		Debug|Any CPU = Debug|Any CPU
		Release|Any CPU = Release|Any CPU
	EndGlobalSection
	GlobalSection(ProjectConfigurationPlatforms) = postSolution
		{595292E1-9A59-4FE1-897A-44F8E5479665}.Debug|Any CPU.ActiveCfg = Debug|Any CPU
		{595292E1-9A59-4FE1-897A-44F8E5479665}.Debug|Any CPU.Build.0 = Debug|Any CPU
		{595292E1-9A59-4FE1-897A-44F8E5479665}.Release|Any CPU.ActiveCfg = Release|Any CPU
		{595292E1-9A59-4FE1-897A-44F8E5479665}.Release|Any CPU.Build.0 = Release|Any CPU
	EndGlobalSection
	GlobalSection(SolutionProperties) = preSolution
		HideSolutionNode = FALSE
	EndGlobalSection
	GlobalSection(ExtensibilityGlobals) = postSolution
		SolutionGuid = {83599850-8FAC-4B40-9E3E-B13F5EE1A40B}
	EndGlobalSection
EndGlobal
